lockfileVersion: '9.0'

settings:
  autoInstallPeers: true
  excludeLinksFromLockfile: false

importers:

  .:
    devDependencies:
      '@fontsource-variable/noto-sans-sc':
        specifier: 5.3.0
        version: 5.3.0
      '@fontsource-variable/noto-serif-sc':
        specifier: 5.3.0
        version: 5.3.0
      '@fontsource/noto-sans-sc':
        specifier: 5.3.0
        version: 5.3.0
      '@fontsource/noto-serif-sc':
        specifier: 5.3.0
        version: 5.3.0

packages:

  '@fontsource-variable/noto-sans-sc@5.3.0':
    resolution: {integrity: sha512-lNar1dF7Ik/lHNPo/7JWG0TolXY29LtsqYgMvEysooZ5bsO9uH4shJmRrwyJ3PjyTPljhpMJEK0jDuLSU4vJ1w==}

  '@fontsource-variable/noto-serif-sc@5.3.0':
    resolution: {integrity: sha512-7LcN2NEf4HDjoSkGWc79WqDDyMK8JvSPdA/gsHjJpZ8l9A9mcK/GQTazp3klmkBwJooy0eqeNvlmaZFXPupHrA==}

  '@fontsource/noto-sans-sc@5.3.0':
    resolution: {integrity: sha512-HeqIlGm0+ohOKxZLuHj1qW6r6avHH0OWdKERAcSDI0RQ+MXrteuLKA+M+5eOA8rYy0MFvOR5AT0fQo2rUkye0Q==}

  '@fontsource/noto-serif-sc@5.3.0':
    resolution: {integrity: sha512-0/zaEFkidiWldE62rTeD74x8ygUsQvejiSNtO0LQxQk3qpaHnlMZ3w4C7yH80B4KTIg8VKeFP4oSgwWMchY9+g==}

snapshots:

  '@fontsource-variable/noto-sans-sc@5.3.0': {}

  '@fontsource-variable/noto-serif-sc@5.3.0': {}

  '@fontsource/noto-sans-sc@5.3.0': {}

  '@fontsource/noto-serif-sc@5.3.0': {}
